
Microsoft Visual Studio Solution File, Format Version 12.00
# Visual Studio 15
Project("{FAE04EC0-301F-11D3-BF4B-00C04F79EFBC}") = "Assembly-CSharp", "Assembly-CSharp.csproj", "{A76F9537-EFCD-4C74-354F-1255A9A62E55}"
EndProject
Project("{FAE04EC0-301F-11D3-BF4B-00C04F79EFBC}") = "Assembly-CSharp-Editor", "Assembly-CSharp-Editor.csproj", "{1C055F88-DFCC-AD0C-9A88-7EE1B15EDB79}"
EndProject
Global
	GlobalSection(SolutionConfigurationPlatforms) = preSolution
		Debug|Any CPU = Debug|Any CPU
		Release|Any CPU = Release|Any CPU
	EndGlobalSection
	GlobalSection(ProjectConfigurationPlatforms) = postSolution
		{A76F9537-EFCD-4C74-354F-1255A9A62E55}.Debug|Any CPU.ActiveCfg = Debug|Any CPU
		{A76F9537-EFCD-4C74-354F-1255A9A62E55}.Debug|Any CPU.Build.0 = Debug|Any CPU
		{A76F9537-EFCD-4C74-354F-1255A9A62E55}.Release|Any CPU.ActiveCfg = Release|Any CPU
		{A76F9537-EFCD-4C74-354F-1255A9A62E55}.Release|Any CPU.Build.0 = Release|Any CPU
		{1C055F88-DFCC-AD0C-9A88-7EE1B15EDB79}.Debug|Any CPU.ActiveCfg = Debug|Any CPU
		{1C055F88-DFCC-AD0C-9A88-7EE1B15EDB79}.Debug|Any CPU.Build.0 = Debug|Any CPU
		{1C055F88-DFCC-AD0C-9A88-7EE1B15EDB79}.Release|Any CPU.ActiveCfg = Release|Any CPU
		{1C055F88-DFCC-AD0C-9A88-7EE1B15EDB79}.Release|Any CPU.Build.0 = Release|Any CPU
	EndGlobalSection
	GlobalSection(SolutionProperties) = preSolution
		HideSolutionNode = FALSE
	EndGlobalSection
EndGlobal
